{
  "name": "storyteller-d10-aberrant-room-service",
  "version": "0.7.13-alpha",
  "lockfileVersion": 3,
  "requires": true,
  "packages": {
    "": {
      "name": "storyteller-d10-aberrant-room-service",
      "version": "0.7.13-alpha",
      "license": "UNLICENSED",
      "engines": {
        "node": ">=20"
      }
    }
  }
}
